
Microsoft Visual Studio Solution File, Format Version 12.00
# Visual Studio Version 17
VisualStudioVersion = 17.8.34511.84
MinimumVisualStudioVersion = 10.0.40219.1
Project("{FAE04EC0-301F-11D3-BF4B-00C04F79EFBC}") = "Arreglo.BusquedaBinaria", "Arreglo.BusquedaBinaria.csproj", "{E766218E-B92A-4888-964E-9624C118BF1E}"
EndProject
Global
	GlobalSection(SolutionConfigurationPlatforms) = preSolution
		Debug|Any CPU = Debug|Any CPU
		Release|Any CPU = Release|Any CPU
	EndGlobalSection
	GlobalSection(ProjectConfigurationPlatforms) = postSolution
		{E766218E-B92A-4888-964E-9624C118BF1E}.Debug|Any CPU.ActiveCfg = Debug|Any CPU
		{E766218E-B92A-4888-964E-9624C118BF1E}.Debug|Any CPU.Build.0 = Debug|Any CPU
		{E766218E-B92A-4888-964E-9624C118BF1E}.Release|Any CPU.ActiveCfg = Release|Any CPU
		{E766218E-B92A-4888-964E-9624C118BF1E}.Release|Any CPU.Build.0 = Release|Any CPU
	EndGlobalSection
	GlobalSection(SolutionProperties) = preSolution
		HideSolutionNode = FALSE
	EndGlobalSection
	GlobalSection(ExtensibilityGlobals) = postSolution
		SolutionGuid = {466C25C1-6190-47B3-BF97-2294656EECD5}
	EndGlobalSection
EndGlobal
